
Microsoft Visual Studio Solution File, Format Version 12.00
# Visual Studio 14
VisualStudioVersion = 14.0.25420.1
MinimumVisualStudioVersion = 10.0.40219.1
Project("{FAE04EC0-301F-11D3-BF4B-00C04F79EFBC}") = "Oberon0Compiler", "oberon0\Oberon0Compiler.csproj", "{FE7E3848-F08B-45EA-8083-353BDA6BCC92}"
EndProject
Project("{FAE04EC0-301F-11D3-BF4B-00C04F79EFBC}") = "Oberon0Compiler.Tests", "UnitTestProject1\Oberon0Compiler.Tests.csproj", "{A73899C5-E473-4C83-B844-557F70D89AE2}"
EndProject
Project("{2150E333-8FDC-42A3-9474-1A3956D46DE8}") = "Solution Items", "Solution Items", "{BD26F1AC-2AAF-4F42-851B-69FCAD750DD7}"
	ProjectSection(SolutionItems) = preProject
		.gitattributes = .gitattributes
		.gitignore = .gitignore
		antlr-runtime-4.5.3.jar = antlr-runtime-4.5.3.jar
		appveyor.yml = appveyor.yml
		LICENSE.md = LICENSE.md
		README.md = README.md
		runtests_appveyor.bat = runtests_appveyor.bat
	EndProjectSection
EndProject
Project("{FAE04EC0-301F-11D3-BF4B-00C04F79EFBC}") = "Oberon0.Generator.Msil", "Oberon0.Generator.Msil\Oberon0.Generator.Msil.csproj", "{595E6037-EE61-48F6-88CA-64FC56EC368D}"
EndProject
Project("{FAE04EC0-301F-11D3-BF4B-00C04F79EFBC}") = "Oberon0.Generator.Msil.Tests", "Oberon0.Generator.Msil.Tests\Oberon0.Generator.Msil.Tests.csproj", "{B6EED4F1-9799-4111-9170-E71E0F7066A7}"
EndProject
Project("{2150E333-8FDC-42A3-9474-1A3956D46DE8}") = "Libraries", "Libraries", "{6485043F-55F6-48B1-AC01-C178B0F2C167}"
EndProject
Project("{FAE04EC0-301F-11D3-BF4B-00C04F79EFBC}") = "Oberon0.System", "Oberon0.System\Oberon0.System.csproj", "{C2BE2EE3-1CA6-49E9-9CB0-A23429EBB027}"
EndProject
Global
	GlobalSection(SolutionConfigurationPlatforms) = preSolution
		Debug|Any CPU = Debug|Any CPU
		Debug|ARM = Debug|ARM
		Debug|x64 = Debug|x64
		Debug|x86 = Debug|x86
		Release|Any CPU = Release|Any CPU
		Release|ARM = Release|ARM
		Release|x64 = Release|x64
		Release|x86 = Release|x86
	EndGlobalSection
	GlobalSection(ProjectConfigurationPlatforms) = postSolution
		{FE7E3848-F08B-45EA-8083-353BDA6BCC92}.Debug|Any CPU.ActiveCfg = Debug|Any CPU
		{FE7E3848-F08B-45EA-8083-353BDA6BCC92}.Debug|Any CPU.Build.0 = Debug|Any CPU
		{FE7E3848-F08B-45EA-8083-353BDA6BCC92}.Debug|ARM.ActiveCfg = Debug|Any CPU
		{FE7E3848-F08B-45EA-8083-353BDA6BCC92}.Debug|ARM.Build.0 = Debug|Any CPU
		{FE7E3848-F08B-45EA-8083-353BDA6BCC92}.Debug|x64.ActiveCfg = Debug|Any CPU
		{FE7E3848-F08B-45EA-8083-353BDA6BCC92}.Debug|x64.Build.0 = Debug|Any CPU
		{FE7E3848-F08B-45EA-8083-353BDA6BCC92}.Debug|x86.ActiveCfg = Debug|Any CPU
		{FE7E3848-F08B-45EA-8083-353BDA6BCC92}.Debug|x86.Build.0 = Debug|Any CPU
		{FE7E3848-F08B-45EA-8083-353BDA6BCC92}.Release|Any CPU.ActiveCfg = Release|Any CPU
		{FE7E3848-F08B-45EA-8083-353BDA6BCC92}.Release|Any CPU.Build.0 = Release|Any CPU
		{FE7E3848-F08B-45EA-8083-353BDA6BCC92}.Release|ARM.ActiveCfg = Release|Any CPU
		{FE7E3848-F08B-45EA-8083-353BDA6BCC92}.Release|ARM.Build.0 = Release|Any CPU
		{FE7E3848-F08B-45EA-8083-353BDA6BCC92}.Release|x64.ActiveCfg = Release|Any CPU
		{FE7E3848-F08B-45EA-8083-353BDA6BCC92}.Release|x64.Build.0 = Release|Any CPU
		{FE7E3848-F08B-45EA-8083-353BDA6BCC92}.Release|x86.ActiveCfg = Release|Any CPU
		{FE7E3848-F08B-45EA-8083-353BDA6BCC92}.Release|x86.Build.0 = Release|Any CPU
		{A73899C5-E473-4C83-B844-557F70D89AE2}.Debug|Any CPU.ActiveCfg = Debug|Any CPU
		{A73899C5-E473-4C83-B844-557F70D89AE2}.Debug|Any CPU.Build.0 = Debug|Any CPU
		{A73899C5-E473-4C83-B844-557F70D89AE2}.Debug|ARM.ActiveCfg = Debug|Any CPU
		{A73899C5-E473-4C83-B844-557F70D89AE2}.Debug|ARM.Build.0 = Debug|Any CPU
		{A73899C5-E473-4C83-B844-557F70D89AE2}.Debug|x64.ActiveCfg = Debug|Any CPU
		{A73899C5-E473-4C83-B844-557F70D89AE2}.Debug|x64.Build.0 = Debug|Any CPU
		{A73899C5-E473-4C83-B844-557F70D89AE2}.Debug|x86.ActiveCfg = Debug|Any CPU
		{A73899C5-E473-4C83-B844-557F70D89AE2}.Debug|x86.Build.0 = Debug|Any CPU
		{A73899C5-E473-4C83-B844-557F70D89AE2}.Release|Any CPU.ActiveCfg = Release|Any CPU
		{A73899C5-E473-4C83-B844-557F70D89AE2}.Release|Any CPU.Build.0 = Release|Any CPU
		{A73899C5-E473-4C83-B844-557F70D89AE2}.Release|ARM.ActiveCfg = Release|Any CPU
		{A73899C5-E473-4C83-B844-557F70D89AE2}.Release|ARM.Build.0 = Release|Any CPU
		{A73899C5-E473-4C83-B844-557F70D89AE2}.Release|x64.ActiveCfg = Release|Any CPU
		{A73899C5-E473-4C83-B844-557F70D89AE2}.Release|x64.Build.0 = Release|Any CPU
		{A73899C5-E473-4C83-B844-557F70D89AE2}.Release|x86.ActiveCfg = Release|Any CPU
		{A73899C5-E473-4C83-B844-557F70D89AE2}.Release|x86.Build.0 = Release|Any CPU
		{595E6037-EE61-48F6-88CA-64FC56EC368D}.Debug|Any CPU.ActiveCfg = Debug|Any CPU
		{595E6037-EE61-48F6-88CA-64FC56EC368D}.Debug|Any CPU.Build.0 = Debug|Any CPU
		{595E6037-EE61-48F6-88CA-64FC56EC368D}.Debug|ARM.ActiveCfg = Debug|Any CPU
		{595E6037-EE61-48F6-88CA-64FC56EC368D}.Debug|ARM.Build.0 = Debug|Any CPU
		{595E6037-EE61-48F6-88CA-64FC56EC368D}.Debug|x64.ActiveCfg = Debug|Any CPU
		{595E6037-EE61-48F6-88CA-64FC56EC368D}.Debug|x64.Build.0 = Debug|Any CPU
		{595E6037-EE61-48F6-88CA-64FC56EC368D}.Debug|x86.ActiveCfg = Debug|Any CPU
		{595E6037-EE61-48F6-88CA-64FC56EC368D}.Debug|x86.Build.0 = Debug|Any CPU
		{595E6037-EE61-48F6-88CA-64FC56EC368D}.Release|Any CPU.ActiveCfg = Release|Any CPU
		{595E6037-EE61-48F6-88CA-64FC56EC368D}.Release|Any CPU.Build.0 = Release|Any CPU
		{595E6037-EE61-48F6-88CA-64FC56EC368D}.Release|ARM.ActiveCfg = Release|Any CPU
		{595E6037-EE61-48F6-88CA-64FC56EC368D}.Release|ARM.Build.0 = Release|Any CPU
		{595E6037-EE61-48F6-88CA-64FC56EC368D}.Release|x64.ActiveCfg = Release|Any CPU
		{595E6037-EE61-48F6-88CA-64FC56EC368D}.Release|x64.Build.0 = Release|Any CPU
		{595E6037-EE61-48F6-88CA-64FC56EC368D}.Release|x86.ActiveCfg = Release|Any CPU
		{595E6037-EE61-48F6-88CA-64FC56EC368D}.Release|x86.Build.0 = Release|Any CPU
		{B6EED4F1-9799-4111-9170-E71E0F7066A7}.Debug|Any CPU.ActiveCfg = Debug|Any CPU
		{B6EED4F1-9799-4111-9170-E71E0F7066A7}.Debug|Any CPU.Build.0 = Debug|Any CPU
		{B6EED4F1-9799-4111-9170-E71E0F7066A7}.Debug|ARM.ActiveCfg = Debug|Any CPU
		{B6EED4F1-9799-4111-9170-E71E0F7066A7}.Debug|ARM.Build.0 = Debug|Any CPU
		{B6EED4F1-9799-4111-9170-E71E0F7066A7}.Debug|x64.ActiveCfg = Debug|Any CPU
		{B6EED4F1-9799-4111-9170-E71E0F7066A7}.Debug|x64.Build.0 = Debug|Any CPU
		{B6EED4F1-9799-4111-9170-E71E0F7066A7}.Debug|x86.ActiveCfg = Debug|Any CPU
		{B6EED4F1-9799-4111-9170-E71E0F7066A7}.Debug|x86.Build.0 = Debug|Any CPU
		{B6EED4F1-9799-4111-9170-E71E0F7066A7}.Release|Any CPU.ActiveCfg = Release|Any CPU
		{B6EED4F1-9799-4111-9170-E71E0F7066A7}.Release|Any CPU.Build.0 = Release|Any CPU
		{B6EED4F1-9799-4111-9170-E71E0F7066A7}.Release|ARM.ActiveCfg = Release|Any CPU
		{B6EED4F1-9799-4111-9170-E71E0F7066A7}.Release|ARM.Build.0 = Release|Any CPU
		{B6EED4F1-9799-4111-9170-E71E0F7066A7}.Release|x64.ActiveCfg = Release|Any CPU
		{B6EED4F1-9799-4111-9170-E71E0F7066A7}.Release|x64.Build.0 = Release|Any CPU
		{B6EED4F1-9799-4111-9170-E71E0F7066A7}.Release|x86.ActiveCfg = Release|Any CPU
		{B6EED4F1-9799-4111-9170-E71E0F7066A7}.Release|x86.Build.0 = Release|Any CPU
		{C2BE2EE3-1CA6-49E9-9CB0-A23429EBB027}.Debug|Any CPU.ActiveCfg = Debug|Any CPU
		{C2BE2EE3-1CA6-49E9-9CB0-A23429EBB027}.Debug|Any CPU.Build.0 = Debug|Any CPU
		{C2BE2EE3-1CA6-49E9-9CB0-A23429EBB027}.Debug|ARM.ActiveCfg = Debug|Any CPU
		{C2BE2EE3-1CA6-49E9-9CB0-A23429EBB027}.Debug|ARM.Build.0 = Debug|Any CPU
		{C2BE2EE3-1CA6-49E9-9CB0-A23429EBB027}.Debug|x64.ActiveCfg = Debug|Any CPU
		{C2BE2EE3-1CA6-49E9-9CB0-A23429EBB027}.Debug|x64.Build.0 = Debug|Any CPU
		{C2BE2EE3-1CA6-49E9-9CB0-A23429EBB027}.Debug|x86.ActiveCfg = Debug|Any CPU
		{C2BE2EE3-1CA6-49E9-9CB0-A23429EBB027}.Debug|x86.Build.0 = Debug|Any CPU
		{C2BE2EE3-1CA6-49E9-9CB0-A23429EBB027}.Release|Any CPU.ActiveCfg = Release|Any CPU
		{C2BE2EE3-1CA6-49E9-9CB0-A23429EBB027}.Release|Any CPU.Build.0 = Release|Any CPU
		{C2BE2EE3-1CA6-49E9-9CB0-A23429EBB027}.Release|ARM.ActiveCfg = Release|Any CPU
		{C2BE2EE3-1CA6-49E9-9CB0-A23429EBB027}.Release|ARM.Build.0 = Release|Any CPU
		{C2BE2EE3-1CA6-49E9-9CB0-A23429EBB027}.Release|x64.ActiveCfg = Release|Any CPU
		{C2BE2EE3-1CA6-49E9-9CB0-A23429EBB027}.Release|x64.Build.0 = Release|Any CPU
		{C2BE2EE3-1CA6-49E9-9CB0-A23429EBB027}.Release|x86.ActiveCfg = Release|Any CPU
		{C2BE2EE3-1CA6-49E9-9CB0-A23429EBB027}.Release|x86.Build.0 = Release|Any CPU
	EndGlobalSection
	GlobalSection(SolutionProperties) = preSolution
		HideSolutionNode = FALSE
	EndGlobalSection
	GlobalSection(NestedProjects) = preSolution
		{C2BE2EE3-1CA6-49E9-9CB0-A23429EBB027} = {6485043F-55F6-48B1-AC01-C178B0F2C167}
	EndGlobalSection
EndGlobal
